// !$*UTF8*$!
{
	archiveVersion = 1;
	classes = {};
	objectVersion = 60;
	objects = {

/* Begin PBXBuildFile section */
		010000000000000000000001 /* MacAccessApp.swift in Sources */ = {isa = PBXBuildFile; fileRef = 020000000000000000000001 /* MacAccessApp.swift */; };
		010000000000000000000002 /* MacAccessMenu.swift in Sources */ = {isa = PBXBuildFile; fileRef = 020000000000000000000002 /* MacAccessMenu.swift */; };
		010000000000000000000003 /* OnboardingView.swift in Sources */ = {isa = PBXBuildFile; fileRef = 020000000000000000000003 /* OnboardingView.swift */; };
		010000000000000000000004 /* MacAccessHelper.swift in Sources */ = {isa = PBXBuildFile; fileRef = 020000000000000000000004 /* MacAccessHelper.swift */; };
		010000000000000000000005 /* MacAccessConnector.swift in Sources */ = {isa = PBXBuildFile; fileRef = 020000000000000000000005 /* MacAccessConnector.swift */; };
		010000000000000000000006 /* AccessState.swift in Sources */ = {isa = PBXBuildFile; fileRef = 020000000000000000000006 /* AccessState.swift */; };
		010000000000000000000007 /* ConnectorCoreClient.swift in Sources */ = {isa = PBXBuildFile; fileRef = 020000000000000000000007 /* ConnectorCoreClient.swift */; };
		010000000000000000000008 /* FrozenIdentities.swift in Sources */ = {isa = PBXBuildFile; fileRef = 020000000000000000000008 /* FrozenIdentities.swift */; };
		010000000000000000000009 /* MacAccessController.swift in Sources */ = {isa = PBXBuildFile; fileRef = 020000000000000000000009 /* MacAccessController.swift */; };
		01000000000000000000000A /* AccessStateTests.swift in Sources */ = {isa = PBXBuildFile; fileRef = 02000000000000000000000A /* AccessStateTests.swift */; };
		01000000000000000000000B /* ControllerTests.swift in Sources */ = {isa = PBXBuildFile; fileRef = 02000000000000000000000B /* ControllerTests.swift */; };
		01000000000000000000000C /* IdentityTests.swift in Sources */ = {isa = PBXBuildFile; fileRef = 02000000000000000000000C /* IdentityTests.swift */; };
		01000000000000000000000D /* Localizable.xcstrings in Resources */ = {isa = PBXBuildFile; fileRef = 02000000000000000000000D /* Localizable.xcstrings */; };
		01000000000000000000000E /* libMacAccessShared.a in Frameworks */ = {isa = PBXBuildFile; fileRef = 030000000000000000000004 /* libMacAccessShared.a */; };
		01000000000000000000000F /* libMacAccessShared.a in Frameworks */ = {isa = PBXBuildFile; fileRef = 030000000000000000000004 /* libMacAccessShared.a */; };
		010000000000000000000010 /* XCTest.framework in Frameworks */ = {isa = PBXBuildFile; fileRef = 02000000000000000000000E /* XCTest.framework */; };
		010000000000000000000011 /* evaOS Mac Access Helper.xpc in Embed XPC Services */ = {isa = PBXBuildFile; fileRef = 030000000000000000000002 /* evaOS Mac Access Helper.xpc */; settings = {ATTRIBUTES = (CodeSignOnCopy, RemoveHeadersOnCopy, ); }; };
		010000000000000000000012 /* evaOS Mac Access Connector.app in Embed Login Items */ = {isa = PBXBuildFile; fileRef = 030000000000000000000003 /* evaOS Mac Access Connector.app */; settings = {ATTRIBUTES = (CodeSignOnCopy, RemoveHeadersOnCopy, ); }; };
		010000000000000000000013 /* MacAccessWire.swift in Sources */ = {isa = PBXBuildFile; fileRef = 02000000000000000000000F /* MacAccessWire.swift */; };
		010000000000000000000014 /* MacAccessVault.swift in Sources */ = {isa = PBXBuildFile; fileRef = 020000000000000000000010 /* MacAccessVault.swift */; };
		010000000000000000000015 /* MacAccessPairing.swift in Sources */ = {isa = PBXBuildFile; fileRef = 020000000000000000000011 /* MacAccessPairing.swift */; };
		010000000000000000000016 /* MacAccessCommandVerifier.swift in Sources */ = {isa = PBXBuildFile; fileRef = 020000000000000000000012 /* MacAccessCommandVerifier.swift */; };
		010000000000000000000017 /* MacAccessRelayClient.swift in Sources */ = {isa = PBXBuildFile; fileRef = 020000000000000000000013 /* MacAccessRelayClient.swift */; };
		010000000000000000000018 /* MacAccessWire.swift in Sources */ = {isa = PBXBuildFile; fileRef = 02000000000000000000000F /* MacAccessWire.swift */; };
		010000000000000000000019 /* MacAccessVault.swift in Sources */ = {isa = PBXBuildFile; fileRef = 020000000000000000000010 /* MacAccessVault.swift */; };
		01000000000000000000001A /* MacAccessPairing.swift in Sources */ = {isa = PBXBuildFile; fileRef = 020000000000000000000011 /* MacAccessPairing.swift */; };
		01000000000000000000001B /* MacAccessCommandVerifier.swift in Sources */ = {isa = PBXBuildFile; fileRef = 020000000000000000000012 /* MacAccessCommandVerifier.swift */; };
		01000000000000000000001C /* MacAccessRelayClient.swift in Sources */ = {isa = PBXBuildFile; fileRef = 020000000000000000000013 /* MacAccessRelayClient.swift */; };
		01000000000000000000001D /* PairingContractTests.swift in Sources */ = {isa = PBXBuildFile; fileRef = 020000000000000000000014 /* PairingContractTests.swift */; };
		01000000000000000000001E /* TransportContractTests.swift in Sources */ = {isa = PBXBuildFile; fileRef = 020000000000000000000015 /* TransportContractTests.swift */; };
		01000000000000000000001F /* MacAccessIPC.swift in Sources */ = {isa = PBXBuildFile; fileRef = 020000000000000000000016 /* MacAccessIPC.swift */; };
		010000000000000000000020 /* MacAccessXPCService.swift in Sources */ = {isa = PBXBuildFile; fileRef = 020000000000000000000017 /* MacAccessXPCService.swift */; };
		010000000000000000000021 /* MacAccessXPCService.swift in Sources */ = {isa = PBXBuildFile; fileRef = 020000000000000000000017 /* MacAccessXPCService.swift */; };
		010000000000000000000022 /* libMacAccessShared.a in Frameworks */ = {isa = PBXBuildFile; fileRef = 030000000000000000000004 /* libMacAccessShared.a */; };
		010000000000000000000023 /* XPCTests.swift in Sources */ = {isa = PBXBuildFile; fileRef = 020000000000000000000018 /* XPCTests.swift */; };
		010000000000000000000024 /* MacAccessBridgeCommandExecutor.swift in Sources */ = {isa = PBXBuildFile; fileRef = 020000000000000000000019 /* MacAccessBridgeCommandExecutor.swift */; };
		010000000000000000000025 /* MacAccessBridgeCommandExecutor.swift in Sources */ = {isa = PBXBuildFile; fileRef = 020000000000000000000019 /* MacAccessBridgeCommandExecutor.swift */; };
		1A0000000000000000000001 /* MacAccessCLI.swift in Sources */ = {isa = PBXBuildFile; fileRef = 1B0000000000000000000001 /* MacAccessCLI.swift */; };
		1A0000000000000000000002 /* MacAccessCLI.swift in Sources */ = {isa = PBXBuildFile; fileRef = 1B0000000000000000000001 /* MacAccessCLI.swift */; };
		1A0000000000000000000003 /* CLITests.swift in Sources */ = {isa = PBXBuildFile; fileRef = 1B0000000000000000000002 /* CLITests.swift */; };
/* End PBXBuildFile section */

/* Begin PBXContainerItemProxy section */
		040000000000000000000001 = {isa = PBXContainerItemProxy; containerPortal = 0F0000000000000000000001 /* Project object */; proxyType = 1; remoteGlobalIDString = 080000000000000000000004; remoteInfo = MacAccessShared; };
		040000000000000000000002 = {isa = PBXContainerItemProxy; containerPortal = 0F0000000000000000000001 /* Project object */; proxyType = 1; remoteGlobalIDString = 080000000000000000000002; remoteInfo = MacAccessHelper; };
		040000000000000000000003 = {isa = PBXContainerItemProxy; containerPortal = 0F0000000000000000000001 /* Project object */; proxyType = 1; remoteGlobalIDString = 080000000000000000000003; remoteInfo = MacAccessConnector; };
		040000000000000000000004 = {isa = PBXContainerItemProxy; containerPortal = 0F0000000000000000000001 /* Project object */; proxyType = 1; remoteGlobalIDString = 080000000000000000000004; remoteInfo = MacAccessShared; };
		040000000000000000000005 = {isa = PBXContainerItemProxy; containerPortal = 0F0000000000000000000001 /* Project object */; proxyType = 1; remoteGlobalIDString = 080000000000000000000004; remoteInfo = MacAccessShared; };
/* End PBXContainerItemProxy section */

/* Begin PBXCopyFilesBuildPhase section */
		050000000000000000000001 /* Embed XPC Services */ = {
			isa = PBXCopyFilesBuildPhase;
			buildActionMask = 2147483647;
			dstPath = Contents/XPCServices;
			dstSubfolderSpec = 1;
			files = (010000000000000000000011 /* evaOS Mac Access Helper.xpc in Embed XPC Services */, );
			name = "Embed XPC Services";
			runOnlyForDeploymentPostprocessing = 0;
		};
		050000000000000000000002 /* Embed Login Items */ = {
			isa = PBXCopyFilesBuildPhase;
			buildActionMask = 2147483647;
			dstPath = Contents/Library/LoginItems;
			dstSubfolderSpec = 1;
			files = (010000000000000000000012 /* evaOS Mac Access Connector.app in Embed Login Items */, );
			name = "Embed Login Items";
			runOnlyForDeploymentPostprocessing = 0;
		};
/* End PBXCopyFilesBuildPhase section */

/* Begin PBXFileReference section */
		020000000000000000000001 /* MacAccessApp.swift */ = {isa = PBXFileReference; lastKnownFileType = sourcecode.swift; path = MacAccessApp.swift; sourceTree = "<group>"; };
		020000000000000000000002 /* MacAccessMenu.swift */ = {isa = PBXFileReference; lastKnownFileType = sourcecode.swift; path = MacAccessMenu.swift; sourceTree = "<group>"; };
		020000000000000000000003 /* OnboardingView.swift */ = {isa = PBXFileReference; lastKnownFileType = sourcecode.swift; path = OnboardingView.swift; sourceTree = "<group>"; };
		020000000000000000000004 /* MacAccessHelper.swift */ = {isa = PBXFileReference; lastKnownFileType = sourcecode.swift; path = MacAccessHelper.swift; sourceTree = "<group>"; };
		020000000000000000000005 /* MacAccessConnector.swift */ = {isa = PBXFileReference; lastKnownFileType = sourcecode.swift; path = MacAccessConnector.swift; sourceTree = "<group>"; };
		020000000000000000000006 /* AccessState.swift */ = {isa = PBXFileReference; lastKnownFileType = sourcecode.swift; path = AccessState.swift; sourceTree = "<group>"; };
		020000000000000000000007 /* ConnectorCoreClient.swift */ = {isa = PBXFileReference; lastKnownFileType = sourcecode.swift; path = ConnectorCoreClient.swift; sourceTree = "<group>"; };
		020000000000000000000008 /* FrozenIdentities.swift */ = {isa = PBXFileReference; lastKnownFileType = sourcecode.swift; path = FrozenIdentities.swift; sourceTree = "<group>"; };
		020000000000000000000009 /* MacAccessController.swift */ = {isa = PBXFileReference; lastKnownFileType = sourcecode.swift; path = MacAccessController.swift; sourceTree = "<group>"; };
		02000000000000000000000A /* AccessStateTests.swift */ = {isa = PBXFileReference; lastKnownFileType = sourcecode.swift; path = AccessStateTests.swift; sourceTree = "<group>"; };
		02000000000000000000000B /* ControllerTests.swift */ = {isa = PBXFileReference; lastKnownFileType = sourcecode.swift; path = ControllerTests.swift; sourceTree = "<group>"; };
		02000000000000000000000C /* IdentityTests.swift */ = {isa = PBXFileReference; lastKnownFileType = sourcecode.swift; path = IdentityTests.swift; sourceTree = "<group>"; };
		02000000000000000000000D /* Localizable.xcstrings */ = {isa = PBXFileReference; lastKnownFileType = text.json.xcstrings; path = Localizable.xcstrings; sourceTree = "<group>"; };
		02000000000000000000000E /* XCTest.framework */ = {isa = PBXFileReference; lastKnownFileType = wrapper.framework; name = XCTest.framework; path = System/Library/Frameworks/XCTest.framework; sourceTree = SDKROOT; };
		02000000000000000000000F /* MacAccessWire.swift */ = {isa = PBXFileReference; lastKnownFileType = sourcecode.swift; path = MacAccessWire.swift; sourceTree = "<group>"; };
		020000000000000000000010 /* MacAccessVault.swift */ = {isa = PBXFileReference; lastKnownFileType = sourcecode.swift; path = MacAccessVault.swift; sourceTree = "<group>"; };
		020000000000000000000011 /* MacAccessPairing.swift */ = {isa = PBXFileReference; lastKnownFileType = sourcecode.swift; path = MacAccessPairing.swift; sourceTree = "<group>"; };
		020000000000000000000012 /* MacAccessCommandVerifier.swift */ = {isa = PBXFileReference; lastKnownFileType = sourcecode.swift; path = MacAccessCommandVerifier.swift; sourceTree = "<group>"; };
		020000000000000000000013 /* MacAccessRelayClient.swift */ = {isa = PBXFileReference; lastKnownFileType = sourcecode.swift; path = MacAccessRelayClient.swift; sourceTree = "<group>"; };
		020000000000000000000014 /* PairingContractTests.swift */ = {isa = PBXFileReference; lastKnownFileType = sourcecode.swift; path = PairingContractTests.swift; sourceTree = "<group>"; };
		020000000000000000000015 /* TransportContractTests.swift */ = {isa = PBXFileReference; lastKnownFileType = sourcecode.swift; path = TransportContractTests.swift; sourceTree = "<group>"; };
		020000000000000000000016 /* MacAccessIPC.swift */ = {isa = PBXFileReference; lastKnownFileType = sourcecode.swift; path = MacAccessIPC.swift; sourceTree = "<group>"; };
		020000000000000000000017 /* MacAccessXPCService.swift */ = {isa = PBXFileReference; lastKnownFileType = sourcecode.swift; path = MacAccessXPCService.swift; sourceTree = "<group>"; };
		020000000000000000000018 /* XPCTests.swift */ = {isa = PBXFileReference; lastKnownFileType = sourcecode.swift; path = XPCTests.swift; sourceTree = "<group>"; };
		020000000000000000000019 /* MacAccessBridgeCommandExecutor.swift */ = {isa = PBXFileReference; lastKnownFileType = sourcecode.swift; path = MacAccessBridgeCommandExecutor.swift; sourceTree = "<group>"; };
		1B0000000000000000000001 /* MacAccessCLI.swift */ = {isa = PBXFileReference; lastKnownFileType = sourcecode.swift; path = MacAccessCLI.swift; sourceTree = "<group>"; };
		1B0000000000000000000002 /* CLITests.swift */ = {isa = PBXFileReference; lastKnownFileType = sourcecode.swift; path = CLITests.swift; sourceTree = "<group>"; };
		030000000000000000000001 /* evaOS Mac Access.app */ = {isa = PBXFileReference; explicitFileType = wrapper.application; includeInIndex = 0; path = "evaOS Mac Access.app"; sourceTree = BUILT_PRODUCTS_DIR; };
		030000000000000000000002 /* evaOS Mac Access Helper.xpc */ = {isa = PBXFileReference; explicitFileType = "wrapper.xpc-service"; includeInIndex = 0; path = "evaOS Mac Access Helper.xpc"; sourceTree = BUILT_PRODUCTS_DIR; };
		030000000000000000000003 /* evaOS Mac Access Connector.app */ = {isa = PBXFileReference; explicitFileType = wrapper.application; includeInIndex = 0; path = "evaOS Mac Access Connector.app"; sourceTree = BUILT_PRODUCTS_DIR; };
		030000000000000000000004 /* libMacAccessShared.a */ = {isa = PBXFileReference; explicitFileType = archive.ar; includeInIndex = 0; path = libMacAccessShared.a; sourceTree = BUILT_PRODUCTS_DIR; };
		030000000000000000000005 /* MacAccessTests.xctest */ = {isa = PBXFileReference; explicitFileType = wrapper.cfbundle; includeInIndex = 0; path = MacAccessTests.xctest; sourceTree = BUILT_PRODUCTS_DIR; };
/* End PBXFileReference section */

/* Begin PBXFrameworksBuildPhase section */
		060000000000000000000001 = {isa = PBXFrameworksBuildPhase; buildActionMask = 2147483647; files = (01000000000000000000000E /* libMacAccessShared.a in Frameworks */, ); runOnlyForDeploymentPostprocessing = 0; };
		060000000000000000000002 = {isa = PBXFrameworksBuildPhase; buildActionMask = 2147483647; files = (010000000000000000000022 /* libMacAccessShared.a in Frameworks */, ); runOnlyForDeploymentPostprocessing = 0; };
		060000000000000000000003 = {isa = PBXFrameworksBuildPhase; buildActionMask = 2147483647; files = (); runOnlyForDeploymentPostprocessing = 0; };
		060000000000000000000004 = {isa = PBXFrameworksBuildPhase; buildActionMask = 2147483647; files = (); runOnlyForDeploymentPostprocessing = 0; };
		060000000000000000000005 = {isa = PBXFrameworksBuildPhase; buildActionMask = 2147483647; files = (01000000000000000000000F /* libMacAccessShared.a in Frameworks */, 010000000000000000000010 /* XCTest.framework in Frameworks */, ); runOnlyForDeploymentPostprocessing = 0; };
/* End PBXFrameworksBuildPhase section */

/* Begin PBXGroup section */
		070000000000000000000001 = {
			isa = PBXGroup;
			children = (
				070000000000000000000002 /* App */,
				070000000000000000000003 /* Helper */,
				070000000000000000000004 /* Shared */,
				070000000000000000000005 /* Resources */,
				070000000000000000000006 /* Tests */,
				070000000000000000000007 /* Frameworks */,
				070000000000000000000008 /* Products */,
			);
			sourceTree = "<group>";
		};
		070000000000000000000002 /* App */ = {isa = PBXGroup; children = (020000000000000000000001, 1B0000000000000000000001, 020000000000000000000002, 020000000000000000000003, ); path = App; sourceTree = "<group>"; };
		070000000000000000000003 /* Helper */ = {isa = PBXGroup; children = (020000000000000000000004, 020000000000000000000005, 02000000000000000000000F, 020000000000000000000010, 020000000000000000000011, 020000000000000000000012, 020000000000000000000013, 020000000000000000000019, 020000000000000000000017, ); path = Helper; sourceTree = "<group>"; };
		070000000000000000000004 /* Shared */ = {isa = PBXGroup; children = (020000000000000000000006, 020000000000000000000007, 020000000000000000000008, 020000000000000000000009, 020000000000000000000016, ); path = Shared; sourceTree = "<group>"; };
		070000000000000000000005 /* Resources */ = {isa = PBXGroup; children = (02000000000000000000000D, ); path = Resources; sourceTree = "<group>"; };
		070000000000000000000006 /* Tests */ = {isa = PBXGroup; children = (02000000000000000000000A, 1B0000000000000000000002, 02000000000000000000000B, 02000000000000000000000C, 020000000000000000000014, 020000000000000000000015, 020000000000000000000018, ); path = Tests; sourceTree = "<group>"; };
		070000000000000000000007 /* Frameworks */ = {isa = PBXGroup; children = (02000000000000000000000E, ); name = Frameworks; sourceTree = "<group>"; };
		070000000000000000000008 /* Products */ = {isa = PBXGroup; children = (030000000000000000000001, 030000000000000000000002, 030000000000000000000003, 030000000000000000000004, 030000000000000000000005, ); name = Products; sourceTree = "<group>"; };
/* End PBXGroup section */

/* Begin PBXNativeTarget section */
		080000000000000000000001 /* MacAccessApp */ = {
			isa = PBXNativeTarget;
			buildConfigurationList = 0D0000000000000000000002;
			buildPhases = (090000000000000000000001, 0A0000000000000000000001, 060000000000000000000001, 050000000000000000000001, 050000000000000000000002, );
			buildRules = ();
			dependencies = (0C0000000000000000000001, 0C0000000000000000000002, 0C0000000000000000000003, );
			name = MacAccessApp;
			productName = "evaOS Mac Access";
			productReference = 030000000000000000000001;
			productType = "com.apple.product-type.application";
		};
		080000000000000000000002 /* MacAccessHelper */ = {
			isa = PBXNativeTarget;
			buildConfigurationList = 0D0000000000000000000003;
			buildPhases = (090000000000000000000002, 060000000000000000000002, 0B0000000000000000000001, );
			buildRules = ();
			dependencies = (0C0000000000000000000005, );
			name = MacAccessHelper;
			productName = "evaOS Mac Access Helper";
			productReference = 030000000000000000000002;
			productType = "com.apple.product-type.xpc-service";
		};
		080000000000000000000003 /* MacAccessConnector */ = {
			isa = PBXNativeTarget;
			buildConfigurationList = 0D0000000000000000000004;
			buildPhases = (090000000000000000000003, 060000000000000000000003, );
			buildRules = ();
			dependencies = ();
			name = MacAccessConnector;
			productName = "evaOS Mac Access Connector";
			productReference = 030000000000000000000003;
			productType = "com.apple.product-type.application";
		};
		080000000000000000000004 /* MacAccessShared */ = {
			isa = PBXNativeTarget;
			buildConfigurationList = 0D0000000000000000000005;
			buildPhases = (090000000000000000000004, 060000000000000000000004, );
			buildRules = ();
			dependencies = ();
			name = MacAccessShared;
			productName = MacAccessShared;
			productReference = 030000000000000000000004;
			productType = "com.apple.product-type.library.static";
		};
		080000000000000000000005 /* MacAccessTests */ = {
			isa = PBXNativeTarget;
			buildConfigurationList = 0D0000000000000000000006;
			buildPhases = (090000000000000000000005, 060000000000000000000005, );
			buildRules = ();
			dependencies = (0C0000000000000000000004, );
			name = MacAccessTests;
			productName = MacAccessTests;
			productReference = 030000000000000000000005;
			productType = "com.apple.product-type.bundle.unit-test";
		};
/* End PBXNativeTarget section */

/* Begin PBXProject section */
		0F0000000000000000000001 /* Project object */ = {
			isa = PBXProject;
			attributes = {BuildIndependentTargetsInParallel = 1; LastSwiftUpdateCheck = 2660; LastUpgradeCheck = 2660; TargetAttributes = {080000000000000000000001 = {CreatedOnToolsVersion = 26.6; }; 080000000000000000000002 = {CreatedOnToolsVersion = 26.6; }; 080000000000000000000003 = {CreatedOnToolsVersion = 26.6; }; 080000000000000000000004 = {CreatedOnToolsVersion = 26.6; }; 080000000000000000000005 = {CreatedOnToolsVersion = 26.6; }; }; };
			buildConfigurationList = 0D0000000000000000000001;
			compatibilityVersion = "Xcode 15.0";
			developmentRegion = en;
			hasScannedForEncodings = 0;
			knownRegions = ("zh-CN", "en-US", "ja-JP", "zh-TW", "ko-KR", "tr-TR", "ru-RU", "uk-UA", "pt-BR", "es-ES", "fr-FR", "fa-IR", Base, );
			mainGroup = 070000000000000000000001;
			productRefGroup = 070000000000000000000008;
			projectDirPath = "";
			projectRoot = "";
			targets = (080000000000000000000004, 080000000000000000000002, 080000000000000000000003, 080000000000000000000001, 080000000000000000000005, );
		};
/* End PBXProject section */

/* Begin PBXResourcesBuildPhase section */
		0A0000000000000000000001 = {isa = PBXResourcesBuildPhase; buildActionMask = 2147483647; files = (01000000000000000000000D /* Localizable.xcstrings in Resources */, ); runOnlyForDeploymentPostprocessing = 0; };
/* End PBXResourcesBuildPhase section */

/* Begin PBXShellScriptBuildPhase section */
		0B0000000000000000000001 /* Embed Adapter Runtime */ = {
			isa = PBXShellScriptBuildPhase;
			alwaysOutOfDate = 1;
			buildActionMask = 2147483647;
			files = ();
			inputPaths = ();
			name = "Embed Adapter Runtime";
			outputPaths = ();
			runOnlyForDeploymentPostprocessing = 0;
			shellPath = /bin/bash;
			shellScript = "\"$SRCROOT/scripts/embed-adapter-runtime.sh\"\n";
		};
/* End PBXShellScriptBuildPhase section */

/* Begin PBXSourcesBuildPhase section */
		090000000000000000000001 = {isa = PBXSourcesBuildPhase; buildActionMask = 2147483647; files = (010000000000000000000001, 1A0000000000000000000001, 010000000000000000000002, 010000000000000000000003, ); runOnlyForDeploymentPostprocessing = 0; };
		090000000000000000000002 = {isa = PBXSourcesBuildPhase; buildActionMask = 2147483647; files = (010000000000000000000004, 010000000000000000000013, 010000000000000000000014, 010000000000000000000015, 010000000000000000000016, 010000000000000000000017, 010000000000000000000024, 010000000000000000000020, ); runOnlyForDeploymentPostprocessing = 0; };
		090000000000000000000003 = {isa = PBXSourcesBuildPhase; buildActionMask = 2147483647; files = (010000000000000000000005, ); runOnlyForDeploymentPostprocessing = 0; };
		090000000000000000000004 = {isa = PBXSourcesBuildPhase; buildActionMask = 2147483647; files = (010000000000000000000006, 010000000000000000000007, 010000000000000000000008, 010000000000000000000009, 01000000000000000000001F, ); runOnlyForDeploymentPostprocessing = 0; };
		090000000000000000000005 = {isa = PBXSourcesBuildPhase; buildActionMask = 2147483647; files = (01000000000000000000000A, 1A0000000000000000000002, 1A0000000000000000000003, 01000000000000000000000B, 01000000000000000000000C, 010000000000000000000018, 010000000000000000000019, 01000000000000000000001A, 01000000000000000000001B, 01000000000000000000001C, 01000000000000000000001D, 01000000000000000000001E, 010000000000000000000025, 010000000000000000000021, 010000000000000000000023, ); runOnlyForDeploymentPostprocessing = 0; };
/* End PBXSourcesBuildPhase section */

/* Begin PBXTargetDependency section */
		0C0000000000000000000001 = {isa = PBXTargetDependency; target = 080000000000000000000004; targetProxy = 040000000000000000000001; };
		0C0000000000000000000002 = {isa = PBXTargetDependency; target = 080000000000000000000002; targetProxy = 040000000000000000000002; };
		0C0000000000000000000003 = {isa = PBXTargetDependency; target = 080000000000000000000003; targetProxy = 040000000000000000000003; };
		0C0000000000000000000004 = {isa = PBXTargetDependency; target = 080000000000000000000004; targetProxy = 040000000000000000000004; };
		0C0000000000000000000005 = {isa = PBXTargetDependency; target = 080000000000000000000004; targetProxy = 040000000000000000000005; };
/* End PBXTargetDependency section */

/* Begin XCBuildConfiguration section */
		0E0000000000000000000001 = {isa = XCBuildConfiguration; buildSettings = {CLANG_ENABLE_MODULES = YES; CODE_SIGNING_ALLOWED = NO; ENABLE_TESTABILITY = YES; MACOSX_DEPLOYMENT_TARGET = 14.0; ONLY_ACTIVE_ARCH = YES; SDKROOT = macosx; SWIFT_ACTIVE_COMPILATION_CONDITIONS = DEBUG; SWIFT_OPTIMIZATION_LEVEL = "-Onone"; SWIFT_VERSION = 6.0; }; name = Debug; };
		0E0000000000000000000002 = {isa = XCBuildConfiguration; buildSettings = {CLANG_ENABLE_MODULES = YES; CODE_SIGNING_ALLOWED = NO; MACOSX_DEPLOYMENT_TARGET = 14.0; SDKROOT = macosx; SWIFT_COMPILATION_MODE = wholemodule; SWIFT_OPTIMIZATION_LEVEL = "-O"; SWIFT_VERSION = 6.0; }; name = Release; };
		0E0000000000000000000011 = {isa = XCBuildConfiguration; buildSettings = {CODE_SIGNING_ALLOWED = NO; COMBINE_HIDPI_IMAGES = YES; GENERATE_INFOPLIST_FILE = NO; INFOPLIST_FILE = Resources/Plists/App-Info.plist; LD_RUNPATH_SEARCH_PATHS = "$(inherited) @executable_path/../Frameworks"; PRODUCT_BUNDLE_IDENTIFIER = com.evaos.mac-access; PRODUCT_NAME = "evaOS Mac Access"; SWIFT_EMIT_LOC_STRINGS = YES; }; name = Debug; };
		0E0000000000000000000012 = {isa = XCBuildConfiguration; buildSettings = {CODE_SIGNING_ALLOWED = NO; COMBINE_HIDPI_IMAGES = YES; GENERATE_INFOPLIST_FILE = NO; INFOPLIST_FILE = Resources/Plists/App-Info.plist; LD_RUNPATH_SEARCH_PATHS = "$(inherited) @executable_path/../Frameworks"; PRODUCT_BUNDLE_IDENTIFIER = com.evaos.mac-access; PRODUCT_NAME = "evaOS Mac Access"; SWIFT_EMIT_LOC_STRINGS = YES; }; name = Release; };
		0E0000000000000000000021 = {isa = XCBuildConfiguration; buildSettings = {CODE_SIGN_ENTITLEMENTS = "Resources/Entitlements/Helper-Debug.entitlements"; CODE_SIGNING_ALLOWED = NO; GENERATE_INFOPLIST_FILE = NO; INFOPLIST_FILE = Resources/Plists/Helper-Info.plist; PRODUCT_BUNDLE_IDENTIFIER = com.evaos.mac-access.helper; PRODUCT_NAME = "evaOS Mac Access Helper"; SKIP_INSTALL = YES; }; name = Debug; };
		0E0000000000000000000022 = {isa = XCBuildConfiguration; buildSettings = {CODE_SIGN_ENTITLEMENTS = "Resources/Entitlements/Helper-Release.entitlements"; CODE_SIGNING_ALLOWED = NO; GENERATE_INFOPLIST_FILE = NO; INFOPLIST_FILE = Resources/Plists/Helper-Info.plist; PRODUCT_BUNDLE_IDENTIFIER = com.evaos.mac-access.helper; PRODUCT_NAME = "evaOS Mac Access Helper"; SKIP_INSTALL = YES; }; name = Release; };
		0E0000000000000000000031 = {isa = XCBuildConfiguration; buildSettings = {CODE_SIGNING_ALLOWED = NO; GENERATE_INFOPLIST_FILE = NO; INFOPLIST_FILE = Resources/Plists/Connector-Info.plist; PRODUCT_BUNDLE_IDENTIFIER = com.evaos.mac-access.connector; PRODUCT_NAME = "evaOS Mac Access Connector"; SKIP_INSTALL = YES; }; name = Debug; };
		0E0000000000000000000032 = {isa = XCBuildConfiguration; buildSettings = {CODE_SIGNING_ALLOWED = NO; GENERATE_INFOPLIST_FILE = NO; INFOPLIST_FILE = Resources/Plists/Connector-Info.plist; PRODUCT_BUNDLE_IDENTIFIER = com.evaos.mac-access.connector; PRODUCT_NAME = "evaOS Mac Access Connector"; SKIP_INSTALL = YES; }; name = Release; };
		0E0000000000000000000041 = {isa = XCBuildConfiguration; buildSettings = {CODE_SIGNING_ALLOWED = NO; MACH_O_TYPE = staticlib; PRODUCT_MODULE_NAME = MacAccessShared; PRODUCT_NAME = MacAccessShared; SKIP_INSTALL = YES; }; name = Debug; };
		0E0000000000000000000042 = {isa = XCBuildConfiguration; buildSettings = {CODE_SIGNING_ALLOWED = NO; MACH_O_TYPE = staticlib; PRODUCT_MODULE_NAME = MacAccessShared; PRODUCT_NAME = MacAccessShared; SKIP_INSTALL = YES; }; name = Release; };
		0E0000000000000000000051 = {isa = XCBuildConfiguration; buildSettings = {BUNDLE_LOADER = ""; CODE_SIGNING_ALLOWED = NO; GENERATE_INFOPLIST_FILE = YES; LD_RUNPATH_SEARCH_PATHS = "$(inherited) @loader_path/../Frameworks"; PRODUCT_BUNDLE_IDENTIFIER = com.evaos.mac-access.tests; PRODUCT_NAME = MacAccessTests; TEST_HOST = ""; }; name = Debug; };
		0E0000000000000000000052 = {isa = XCBuildConfiguration; buildSettings = {BUNDLE_LOADER = ""; CODE_SIGNING_ALLOWED = NO; GENERATE_INFOPLIST_FILE = YES; LD_RUNPATH_SEARCH_PATHS = "$(inherited) @loader_path/../Frameworks"; PRODUCT_BUNDLE_IDENTIFIER = com.evaos.mac-access.tests; PRODUCT_NAME = MacAccessTests; TEST_HOST = ""; }; name = Release; };
/* End XCBuildConfiguration section */

/* Begin XCConfigurationList section */
		0D0000000000000000000001 = {isa = XCConfigurationList; buildConfigurations = (0E0000000000000000000001, 0E0000000000000000000002, ); defaultConfigurationIsVisible = 0; defaultConfigurationName = Release; };
		0D0000000000000000000002 = {isa = XCConfigurationList; buildConfigurations = (0E0000000000000000000011, 0E0000000000000000000012, ); defaultConfigurationIsVisible = 0; defaultConfigurationName = Release; };
		0D0000000000000000000003 = {isa = XCConfigurationList; buildConfigurations = (0E0000000000000000000021, 0E0000000000000000000022, ); defaultConfigurationIsVisible = 0; defaultConfigurationName = Release; };
		0D0000000000000000000004 = {isa = XCConfigurationList; buildConfigurations = (0E0000000000000000000031, 0E0000000000000000000032, ); defaultConfigurationIsVisible = 0; defaultConfigurationName = Release; };
		0D0000000000000000000005 = {isa = XCConfigurationList; buildConfigurations = (0E0000000000000000000041, 0E0000000000000000000042, ); defaultConfigurationIsVisible = 0; defaultConfigurationName = Release; };
		0D0000000000000000000006 = {isa = XCConfigurationList; buildConfigurations = (0E0000000000000000000051, 0E0000000000000000000052, ); defaultConfigurationIsVisible = 0; defaultConfigurationName = Release; };
/* End XCConfigurationList section */
	};
	rootObject = 0F0000000000000000000001 /* Project object */;
}
